// !$*UTF8*$!
{
	archiveVersion = 1;
	classes = {
	};
	objectVersion = 55;
	objects = {

/* Begin PBXBuildFile section */
		CCA1DB2028C48F8F00518BE0 /* AppDelegate.swift in Sources */ = {isa = PBXBuildFile; fileRef = CCA1DB1F28C48F8F00518BE0 /* AppDelegate.swift */; };
		CCA1DB2228C48F8F00518BE0 /* SceneDelegate.swift in Sources */ = {isa = PBXBuildFile; fileRef = CCA1DB2128C48F8F00518BE0 /* SceneDelegate.swift */; };
		CCA1DB2928C48F9000518BE0 /* Assets.xcassets in Resources */ = {isa = PBXBuildFile; fileRef = CCA1DB2828C48F9000518BE0 /* Assets.xcassets */; };
		CCA1DB2C28C48F9000518BE0 /* LaunchScreen.storyboard in Resources */ = {isa = PBXBuildFile; fileRef = CCA1DB2A28C48F9000518BE0 /* LaunchScreen.storyboard */; };
		CCA1DB4228C49C0000518BE0 /* PhotosCollectionPresenter.swift in Sources */ = {isa = PBXBuildFile; fileRef = CCA1DB3B28C49C0000518BE0 /* PhotosCollectionPresenter.swift */; };
		CCA1DB4428C49C0000518BE0 /* PhotosCollectionRouter.swift in Sources */ = {isa = PBXBuildFile; fileRef = CCA1DB3D28C49C0000518BE0 /* PhotosCollectionRouter.swift */; };
		CCA1DB4528C49C0000518BE0 /* PhotosCollectionModels.swift in Sources */ = {isa = PBXBuildFile; fileRef = CCA1DB3E28C49C0000518BE0 /* PhotosCollectionModels.swift */; };
		CCA1DB4628C49C0000518BE0 /* PhotosCollectionViewController.swift in Sources */ = {isa = PBXBuildFile; fileRef = CCA1DB3F28C49C0000518BE0 /* PhotosCollectionViewController.swift */; };
		CCA1DB4728C49C0000518BE0 /* PhotosCollectionInteractor.swift in Sources */ = {isa = PBXBuildFile; fileRef = CCA1DB4028C49C0000518BE0 /* PhotosCollectionInteractor.swift */; };
		CCA1DB4A28C49CEB00518BE0 /* MainTabBarController.swift in Sources */ = {isa = PBXBuildFile; fileRef = CCA1DB4928C49CEB00518BE0 /* MainTabBarController.swift */; };
		CCA1DB4F28C4AE3C00518BE0 /* NetworkService.swift in Sources */ = {isa = PBXBuildFile; fileRef = CCA1DB4E28C4AE3C00518BE0 /* NetworkService.swift */; };
		CCA1DB5128C4AFC800518BE0 /* API.swift in Sources */ = {isa = PBXBuildFile; fileRef = CCA1DB5028C4AFC800518BE0 /* API.swift */; };
		CCA1DB5C28C4B4D500518BE0 /* NetworkDataFetcher.swift in Sources */ = {isa = PBXBuildFile; fileRef = CCA1DB5B28C4B4D500518BE0 /* NetworkDataFetcher.swift */; };
		CCA1DB5E28C4B56000518BE0 /* SearchResults.swift in Sources */ = {isa = PBXBuildFile; fileRef = CCA1DB5D28C4B56000518BE0 /* SearchResults.swift */; };
		CCA1DB6028C4D82E00518BE0 /* PhotosCell.swift in Sources */ = {isa = PBXBuildFile; fileRef = CCA1DB5F28C4D82E00518BE0 /* PhotosCell.swift */; };
		CCA1DB6428C4DEC000518BE0 /* WebImageView.swift in Sources */ = {isa = PBXBuildFile; fileRef = CCA1DB6328C4DEC000518BE0 /* WebImageView.swift */; };
		CCA1DB8328C5427F00518BE0 /* DetailPhotoCollectionPresenter.swift in Sources */ = {isa = PBXBuildFile; fileRef = CCA1DB7C28C5427F00518BE0 /* DetailPhotoCollectionPresenter.swift */; };
		CCA1DB8528C5427F00518BE0 /* DetailPhotoCollectionRouter.swift in Sources */ = {isa = PBXBuildFile; fileRef = CCA1DB7E28C5427F00518BE0 /* DetailPhotoCollectionRouter.swift */; };
		CCA1DB8628C5427F00518BE0 /* DetailPhotoCollectionModels.swift in Sources */ = {isa = PBXBuildFile; fileRef = CCA1DB7F28C5427F00518BE0 /* DetailPhotoCollectionModels.swift */; };
		CCA1DB8728C5427F00518BE0 /* DetailPhotoCollectionViewController.swift in Sources */ = {isa = PBXBuildFile; fileRef = CCA1DB8028C5427F00518BE0 /* DetailPhotoCollectionViewController.swift */; };
		CCA1DB8828C5427F00518BE0 /* DetailPhotoCollectionInteractor.swift in Sources */ = {isa = PBXBuildFile; fileRef = CCA1DB8128C5427F00518BE0 /* DetailPhotoCollectionInteractor.swift */; };
		CCB2EDC528C6953100093420 /* FavoritePhotoCell.swift in Sources */ = {isa = PBXBuildFile; fileRef = CCB2EDC428C6953100093420 /* FavoritePhotoCell.swift */; };
		CCB2EDCE28C698BE00093420 /* FavoriteDetailPhotoPresenter.swift in Sources */ = {isa = PBXBuildFile; fileRef = CCB2EDC728C698BE00093420 /* FavoriteDetailPhotoPresenter.swift */; };
		CCB2EDD028C698BE00093420 /* FavoriteDetailPhotoRouter.swift in Sources */ = {isa = PBXBuildFile; fileRef = CCB2EDC928C698BE00093420 /* FavoriteDetailPhotoRouter.swift */; };
		CCB2EDD128C698BE00093420 /* FavoriteDetailPhotoModels.swift in Sources */ = {isa = PBXBuildFile; fileRef = CCB2EDCA28C698BE00093420 /* FavoriteDetailPhotoModels.swift */; };
		CCB2EDD228C698BE00093420 /* FavoriteDetailPhotoViewController.swift in Sources */ = {isa = PBXBuildFile; fileRef = CCB2EDCB28C698BE00093420 /* FavoriteDetailPhotoViewController.swift */; };
		CCB2EDD328C698BE00093420 /* FavoriteDetailPhotoInteractor.swift in Sources */ = {isa = PBXBuildFile; fileRef = CCB2EDCC28C698BE00093420 /* FavoriteDetailPhotoInteractor.swift */; };
		CCB2EDD728C6BD5300093420 /* WorkerDateFormatter.swift in Sources */ = {isa = PBXBuildFile; fileRef = CCB2EDD628C6BD5300093420 /* WorkerDateFormatter.swift */; };
		CCC7919428C613560016BD38 /* Photo.swift in Sources */ = {isa = PBXBuildFile; fileRef = CCC7919328C613560016BD38 /* Photo.swift */; };
		CCC791A428C67A3B0016BD38 /* FavoritePhotosPresenter.swift in Sources */ = {isa = PBXBuildFile; fileRef = CCC7919D28C67A3B0016BD38 /* FavoritePhotosPresenter.swift */; };
		CCC791A628C67A3B0016BD38 /* FavoritePhotosRouter.swift in Sources */ = {isa = PBXBuildFile; fileRef = CCC7919F28C67A3B0016BD38 /* FavoritePhotosRouter.swift */; };
		CCC791A728C67A3B0016BD38 /* FavoritePhotosModels.swift in Sources */ = {isa = PBXBuildFile; fileRef = CCC791A028C67A3B0016BD38 /* FavoritePhotosModels.swift */; };
		CCC791A828C67A3B0016BD38 /* FavoritePhotosViewController.swift in Sources */ = {isa = PBXBuildFile; fileRef = CCC791A128C67A3B0016BD38 /* FavoritePhotosViewController.swift */; };
		CCC791A928C67A3B0016BD38 /* FavoritePhotosInteractor.swift in Sources */ = {isa = PBXBuildFile; fileRef = CCC791A228C67A3B0016BD38 /* FavoritePhotosInteractor.swift */; };
		CCFE1D7228C87C760010F253 /* PhotosCollectionModuleAssembly.swift in Sources */ = {isa = PBXBuildFile; fileRef = CCFE1D7128C87C760010F253 /* PhotosCollectionModuleAssembly.swift */; };
		CCFE1D7428C885A80010F253 /* DetailPhotoCollectionModuleAssembly.swift in Sources */ = {isa = PBXBuildFile; fileRef = CCFE1D7328C885A80010F253 /* DetailPhotoCollectionModuleAssembly.swift */; };
		CCFE1D7628C891B70010F253 /* FavoritePhotosModuleAssembly.swift in Sources */ = {isa = PBXBuildFile; fileRef = CCFE1D7528C891B70010F253 /* FavoritePhotosModuleAssembly.swift */; };
		CCFE1D7828C896BA0010F253 /* FavoriteDetailPhotoModuleAssembly.swift in Sources */ = {isa = PBXBuildFile; fileRef = CCFE1D7728C896BA0010F253 /* FavoriteDetailPhotoModuleAssembly.swift */; };
/* End PBXBuildFile section */

/* Begin PBXFileReference section */
		CCA1DB1C28C48F8F00518BE0 /* PhotoSearchProject.app */ = {isa = PBXFileReference; explicitFileType = wrapper.application; includeInIndex = 0; path = PhotoSearchProject.app; sourceTree = BUILT_PRODUCTS_DIR; };
		CCA1DB1F28C48F8F00518BE0 /* AppDelegate.swift */ = {isa = PBXFileReference; lastKnownFileType = sourcecode.swift; path = AppDelegate.swift; sourceTree = "<group>"; };
		CCA1DB2128C48F8F00518BE0 /* SceneDelegate.swift */ = {isa = PBXFileReference; lastKnownFileType = sourcecode.swift; path = SceneDelegate.swift; sourceTree = "<group>"; };
		CCA1DB2828C48F9000518BE0 /* Assets.xcassets */ = {isa = PBXFileReference; lastKnownFileType = folder.assetcatalog; path = Assets.xcassets; sourceTree = "<group>"; };
		CCA1DB2B28C48F9000518BE0 /* Base */ = {isa = PBXFileReference; lastKnownFileType = file.storyboard; name = Base; path = Base.lproj/LaunchScreen.storyboard; sourceTree = "<group>"; };
		CCA1DB2D28C48F9000518BE0 /* Info.plist */ = {isa = PBXFileReference; lastKnownFileType = text.plist.xml; name = Info.plist; path = PhotoSearchProject/Resources/Info.plist; sourceTree = SOURCE_ROOT; };
		CCA1DB3B28C49C0000518BE0 /* PhotosCollectionPresenter.swift */ = {isa = PBXFileReference; lastKnownFileType = sourcecode.swift; path = PhotosCollectionPresenter.swift; sourceTree = "<group>"; };
		CCA1DB3D28C49C0000518BE0 /* PhotosCollectionRouter.swift */ = {isa = PBXFileReference; lastKnownFileType = sourcecode.swift; path = PhotosCollectionRouter.swift; sourceTree = "<group>"; };
		CCA1DB3E28C49C0000518BE0 /* PhotosCollectionModels.swift */ = {isa = PBXFileReference; lastKnownFileType = sourcecode.swift; path = PhotosCollectionModels.swift; sourceTree = "<group>"; };
		CCA1DB3F28C49C0000518BE0 /* PhotosCollectionViewController.swift */ = {isa = PBXFileReference; lastKnownFileType = sourcecode.swift; path = PhotosCollectionViewController.swift; sourceTree = "<group>"; };
		CCA1DB4028C49C0000518BE0 /* PhotosCollectionInteractor.swift */ = {isa = PBXFileReference; lastKnownFileType = sourcecode.swift; path = PhotosCollectionInteractor.swift; sourceTree = "<group>"; };
		CCA1DB4928C49CEB00518BE0 /* MainTabBarController.swift */ = {isa = PBXFileReference; lastKnownFileType = sourcecode.swift; path = MainTabBarController.swift; sourceTree = "<group>"; };
		CCA1DB4E28C4AE3C00518BE0 /* NetworkService.swift */ = {isa = PBXFileReference; lastKnownFileType = sourcecode.swift; path = NetworkService.swift; sourceTree = "<group>"; };
		CCA1DB5028C4AFC800518BE0 /* API.swift */ = {isa = PBXFileReference; lastKnownFileType = sourcecode.swift; path = API.swift; sourceTree = "<group>"; };
		CCA1DB5B28C4B4D500518BE0 /* NetworkDataFetcher.swift */ = {isa = PBXFileReference; lastKnownFileType = sourcecode.swift; path = NetworkDataFetcher.swift; sourceTree = "<group>"; };
		CCA1DB5D28C4B56000518BE0 /* SearchResults.swift */ = {isa = PBXFileReference; lastKnownFileType = sourcecode.swift; path = SearchResults.swift; sourceTree = "<group>"; };
		CCA1DB5F28C4D82E00518BE0 /* PhotosCell.swift */ = {isa = PBXFileReference; lastKnownFileType = sourcecode.swift; path = PhotosCell.swift; sourceTree = "<group>"; };
		CCA1DB6328C4DEC000518BE0 /* WebImageView.swift */ = {isa = PBXFileReference; lastKnownFileType = sourcecode.swift; path = WebImageView.swift; sourceTree = "<group>"; };
		CCA1DB7C28C5427F00518BE0 /* DetailPhotoCollectionPresenter.swift */ = {isa = PBXFileReference; lastKnownFileType = sourcecode.swift; path = DetailPhotoCollectionPresenter.swift; sourceTree = "<group>"; };
		CCA1DB7E28C5427F00518BE0 /* DetailPhotoCollectionRouter.swift */ = {isa = PBXFileReference; lastKnownFileType = sourcecode.swift; path = DetailPhotoCollectionRouter.swift; sourceTree = "<group>"; };
		CCA1DB7F28C5427F00518BE0 /* DetailPhotoCollectionModels.swift */ = {isa = PBXFileReference; lastKnownFileType = sourcecode.swift; path = DetailPhotoCollectionModels.swift; sourceTree = "<group>"; };
		CCA1DB8028C5427F00518BE0 /* DetailPhotoCollectionViewController.swift */ = {isa = PBXFileReference; lastKnownFileType = sourcecode.swift; path = DetailPhotoCollectionViewController.swift; sourceTree = "<group>"; };
		CCA1DB8128C5427F00518BE0 /* DetailPhotoCollectionInteractor.swift */ = {isa = PBXFileReference; lastKnownFileType = sourcecode.swift; path = DetailPhotoCollectionInteractor.swift; sourceTree = "<group>"; };
		CCB2EDC428C6953100093420 /* FavoritePhotoCell.swift */ = {isa = PBXFileReference; lastKnownFileType = sourcecode.swift; path = FavoritePhotoCell.swift; sourceTree = "<group>"; };
		CCB2EDC728C698BE00093420 /* FavoriteDetailPhotoPresenter.swift */ = {isa = PBXFileReference; lastKnownFileType = sourcecode.swift; path = FavoriteDetailPhotoPresenter.swift; sourceTree = "<group>"; };
		CCB2EDC928C698BE00093420 /* FavoriteDetailPhotoRouter.swift */ = {isa = PBXFileReference; lastKnownFileType = sourcecode.swift; path = FavoriteDetailPhotoRouter.swift; sourceTree = "<group>"; };
		CCB2EDCA28C698BE00093420 /* FavoriteDetailPhotoModels.swift */ = {isa = PBXFileReference; lastKnownFileType = sourcecode.swift; path = FavoriteDetailPhotoModels.swift; sourceTree = "<group>"; };
		CCB2EDCB28C698BE00093420 /* FavoriteDetailPhotoViewController.swift */ = {isa = PBXFileReference; lastKnownFileType = sourcecode.swift; path = FavoriteDetailPhotoViewController.swift; sourceTree = "<group>"; };
		CCB2EDCC28C698BE00093420 /* FavoriteDetailPhotoInteractor.swift */ = {isa = PBXFileReference; lastKnownFileType = sourcecode.swift; path = FavoriteDetailPhotoInteractor.swift; sourceTree = "<group>"; };
		CCB2EDD628C6BD5300093420 /* WorkerDateFormatter.swift */ = {isa = PBXFileReference; lastKnownFileType = sourcecode.swift; path = WorkerDateFormatter.swift; sourceTree = "<group>"; };
		CCC7919328C613560016BD38 /* Photo.swift */ = {isa = PBXFileReference; lastKnownFileType = sourcecode.swift; path = Photo.swift; sourceTree = "<group>"; };
		CCC7919D28C67A3B0016BD38 /* FavoritePhotosPresenter.swift */ = {isa = PBXFileReference; lastKnownFileType = sourcecode.swift; path = FavoritePhotosPresenter.swift; sourceTree = "<group>"; };
		CCC7919F28C67A3B0016BD38 /* FavoritePhotosRouter.swift */ = {isa = PBXFileReference; lastKnownFileType = sourcecode.swift; path = FavoritePhotosRouter.swift; sourceTree = "<group>"; };
		CCC791A028C67A3B0016BD38 /* FavoritePhotosModels.swift */ = {isa = PBXFileReference; lastKnownFileType = sourcecode.swift; path = FavoritePhotosModels.swift; sourceTree = "<group>"; };
		CCC791A128C67A3B0016BD38 /* FavoritePhotosViewController.swift */ = {isa = PBXFileReference; lastKnownFileType = sourcecode.swift; path = FavoritePhotosViewController.swift; sourceTree = "<group>"; };
		CCC791A228C67A3B0016BD38 /* FavoritePhotosInteractor.swift */ = {isa = PBXFileReference; lastKnownFileType = sourcecode.swift; path = FavoritePhotosInteractor.swift; sourceTree = "<group>"; };
		CCFE1D7128C87C760010F253 /* PhotosCollectionModuleAssembly.swift */ = {isa = PBXFileReference; lastKnownFileType = sourcecode.swift; path = PhotosCollectionModuleAssembly.swift; sourceTree = "<group>"; };
		CCFE1D7328C885A80010F253 /* DetailPhotoCollectionModuleAssembly.swift */ = {isa = PBXFileReference; lastKnownFileType = sourcecode.swift; path = DetailPhotoCollectionModuleAssembly.swift; sourceTree = "<group>"; };
		CCFE1D7528C891B70010F253 /* FavoritePhotosModuleAssembly.swift */ = {isa = PBXFileReference; lastKnownFileType = sourcecode.swift; path = FavoritePhotosModuleAssembly.swift; sourceTree = "<group>"; };
		CCFE1D7728C896BA0010F253 /* FavoriteDetailPhotoModuleAssembly.swift */ = {isa = PBXFileReference; lastKnownFileType = sourcecode.swift; path = FavoriteDetailPhotoModuleAssembly.swift; sourceTree = "<group>"; };
/* End PBXFileReference section */

/* Begin PBXFrameworksBuildPhase section */
		CCA1DB1928C48F8F00518BE0 /* Frameworks */ = {
			isa = PBXFrameworksBuildPhase;
			buildActionMask = 2147483647;
			files = (
			);
			runOnlyForDeploymentPostprocessing = 0;
		};
/* End PBXFrameworksBuildPhase section */

/* Begin PBXGroup section */
		CCA1DB1328C48F8F00518BE0 = {
			isa = PBXGroup;
			children = (
				CCA1DB1E28C48F8F00518BE0 /* PhotoSearchProject */,
				CCA1DB1D28C48F8F00518BE0 /* Products */,
			);
			sourceTree = "<group>";
		};
		CCA1DB1D28C48F8F00518BE0 /* Products */ = {
			isa = PBXGroup;
			children = (
				CCA1DB1C28C48F8F00518BE0 /* PhotoSearchProject.app */,
			);
			name = Products;
			sourceTree = "<group>";
		};
		CCA1DB1E28C48F8F00518BE0 /* PhotoSearchProject */ = {
			isa = PBXGroup;
			children = (
				CCA1DB3328C4955700518BE0 /* App */,
				CCA1DB4D28C4ADDD00518BE0 /* Services */,
				CCA1DB3428C496DD00518BE0 /* Classes */,
				CCA1DB6128C4DE9B00518BE0 /* View */,
				CCB2EDD528C6BD2500093420 /* Helpers */,
				CCA1DB3528C496F100518BE0 /* Resources */,
			);
			path = PhotoSearchProject;
			sourceTree = "<group>";
		};
		CCA1DB3328C4955700518BE0 /* App */ = {
			isa = PBXGroup;
			children = (
				CCA1DB3628C4970C00518BE0 /* View */,
				CCA1DB1F28C48F8F00518BE0 /* AppDelegate.swift */,
				CCA1DB2128C48F8F00518BE0 /* SceneDelegate.swift */,
			);
			path = App;
			sourceTree = "<group>";
		};
		CCA1DB3428C496DD00518BE0 /* Classes */ = {
			isa = PBXGroup;
			children = (
				CCA1DB3A28C49B9B00518BE0 /* MainTabBarController */,
				CCA1DB3928C49AFA00518BE0 /* PhotosCollection */,
				CCA1DB6D28C541F000518BE0 /* DetailPhotoCollection */,
				CCC7919C28C67A060016BD38 /* FavoritePhotos */,
				CCB2EDC628C6987A00093420 /* FavoriteDetailPhoto */,
			);
			path = Classes;
			sourceTree = "<group>";
		};
		CCA1DB3528C496F100518BE0 /* Resources */ = {
			isa = PBXGroup;
			children = (
				CCA1DB2D28C48F9000518BE0 /* Info.plist */,
				CCA1DB2828C48F9000518BE0 /* Assets.xcassets */,
			);
			path = Resources;
			sourceTree = "<group>";
		};
		CCA1DB3628C4970C00518BE0 /* View */ = {
			isa = PBXGroup;
			children = (
				CCA1DB2A28C48F9000518BE0 /* LaunchScreen.storyboard */,
			);
			path = View;
			sourceTree = "<group>";
		};
		CCA1DB3928C49AFA00518BE0 /* PhotosCollection */ = {
			isa = PBXGroup;
			children = (
				CCA1DB5F28C4D82E00518BE0 /* PhotosCell.swift */,
				CCA1DB3F28C49C0000518BE0 /* PhotosCollectionViewController.swift */,
				CCA1DB4028C49C0000518BE0 /* PhotosCollectionInteractor.swift */,
				CCA1DB3B28C49C0000518BE0 /* PhotosCollectionPresenter.swift */,
				CCA1DB3E28C49C0000518BE0 /* PhotosCollectionModels.swift */,
				CCA1DB3D28C49C0000518BE0 /* PhotosCollectionRouter.swift */,
				CCFE1D7128C87C760010F253 /* PhotosCollectionModuleAssembly.swift */,
			);
			path = PhotosCollection;
			sourceTree = "<group>";
		};
		CCA1DB3A28C49B9B00518BE0 /* MainTabBarController */ = {
			isa = PBXGroup;
			children = (
				CCA1DB4928C49CEB00518BE0 /* MainTabBarController.swift */,
			);
			path = MainTabBarController;
			sourceTree = "<group>";
		};
		CCA1DB4D28C4ADDD00518BE0 /* Services */ = {
			isa = PBXGroup;
			children = (
				CCA1DB4E28C4AE3C00518BE0 /* NetworkService.swift */,
				CCA1DB5028C4AFC800518BE0 /* API.swift */,
				CCA1DB5B28C4B4D500518BE0 /* NetworkDataFetcher.swift */,
				CCA1DB5228C4B36600518BE0 /* Models */,
			);
			path = Services;
			sourceTree = "<group>";
		};
		CCA1DB5228C4B36600518BE0 /* Models */ = {
			isa = PBXGroup;
			children = (
				CCA1DB5D28C4B56000518BE0 /* SearchResults.swift */,
				CCC7919328C613560016BD38 /* Photo.swift */,
			);
			path = Models;
			sourceTree = "<group>";
		};
		CCA1DB6128C4DE9B00518BE0 /* View */ = {
			isa = PBXGroup;
			children = (
				CCA1DB6228C4DEB200518BE0 /* WebImageView */,
			);
			path = View;
			sourceTree = "<group>";
		};
		CCA1DB6228C4DEB200518BE0 /* WebImageView */ = {
			isa = PBXGroup;
			children = (
				CCA1DB6328C4DEC000518BE0 /* WebImageView.swift */,
			);
			path = WebImageView;
			sourceTree = "<group>";
		};
		CCA1DB6D28C541F000518BE0 /* DetailPhotoCollection */ = {
			isa = PBXGroup;
			children = (
				CCA1DB8028C5427F00518BE0 /* DetailPhotoCollectionViewController.swift */,
				CCA1DB8128C5427F00518BE0 /* DetailPhotoCollectionInteractor.swift */,
				CCA1DB7C28C5427F00518BE0 /* DetailPhotoCollectionPresenter.swift */,
				CCA1DB7F28C5427F00518BE0 /* DetailPhotoCollectionModels.swift */,
				CCA1DB7E28C5427F00518BE0 /* DetailPhotoCollectionRouter.swift */,
				CCFE1D7328C885A80010F253 /* DetailPhotoCollectionModuleAssembly.swift */,
			);
			path = DetailPhotoCollection;
			sourceTree = "<group>";
		};
		CCB2EDC628C6987A00093420 /* FavoriteDetailPhoto */ = {
			isa = PBXGroup;
			children = (
				CCB2EDCB28C698BE00093420 /* FavoriteDetailPhotoViewController.swift */,
				CCB2EDCC28C698BE00093420 /* FavoriteDetailPhotoInteractor.swift */,
				CCB2EDC728C698BE00093420 /* FavoriteDetailPhotoPresenter.swift */,
				CCB2EDCA28C698BE00093420 /* FavoriteDetailPhotoModels.swift */,
				CCB2EDC928C698BE00093420 /* FavoriteDetailPhotoRouter.swift */,
				CCFE1D7728C896BA0010F253 /* FavoriteDetailPhotoModuleAssembly.swift */,
			);
			path = FavoriteDetailPhoto;
			sourceTree = "<group>";
		};
		CCB2EDD528C6BD2500093420 /* Helpers */ = {
			isa = PBXGroup;
			children = (
				CCB2EDD628C6BD5300093420 /* WorkerDateFormatter.swift */,
			);
			path = Helpers;
			sourceTree = "<group>";
		};
		CCC7919C28C67A060016BD38 /* FavoritePhotos */ = {
			isa = PBXGroup;
			children = (
				CCB2EDC428C6953100093420 /* FavoritePhotoCell.swift */,
				CCC791A128C67A3B0016BD38 /* FavoritePhotosViewController.swift */,
				CCC791A228C67A3B0016BD38 /* FavoritePhotosInteractor.swift */,
				CCC7919D28C67A3B0016BD38 /* FavoritePhotosPresenter.swift */,
				CCC791A028C67A3B0016BD38 /* FavoritePhotosModels.swift */,
				CCC7919F28C67A3B0016BD38 /* FavoritePhotosRouter.swift */,
				CCFE1D7528C891B70010F253 /* FavoritePhotosModuleAssembly.swift */,
			);
			path = FavoritePhotos;
			sourceTree = "<group>";
		};
/* End PBXGroup section */

/* Begin PBXNativeTarget section */
		CCA1DB1B28C48F8F00518BE0 /* PhotoSearchProject */ = {
			isa = PBXNativeTarget;
			buildConfigurationList = CCA1DB3028C48F9000518BE0 /* Build configuration list for PBXNativeTarget "PhotoSearchProject" */;
			buildPhases = (
				CCA1DB1828C48F8F00518BE0 /* Sources */,
				CCA1DB1928C48F8F00518BE0 /* Frameworks */,
				CCA1DB1A28C48F8F00518BE0 /* Resources */,
			);
			buildRules = (
			);
			dependencies = (
			);
			name = PhotoSearchProject;
			productName = PhotoSearchProject;
			productReference = CCA1DB1C28C48F8F00518BE0 /* PhotoSearchProject.app */;
			productType = "com.apple.product-type.application";
		};
/* End PBXNativeTarget section */

/* Begin PBXProject section */
		CCA1DB1428C48F8F00518BE0 /* Project object */ = {
			isa = PBXProject;
			attributes = {
				BuildIndependentTargetsInParallel = 1;
				LastSwiftUpdateCheck = 1320;
				LastUpgradeCheck = 1320;
				TargetAttributes = {
					CCA1DB1B28C48F8F00518BE0 = {
						CreatedOnToolsVersion = 13.2.1;
					};
				};
			};
			buildConfigurationList = CCA1DB1728C48F8F00518BE0 /* Build configuration list for PBXProject "PhotoSearchProject" */;
			compatibilityVersion = "Xcode 13.0";
			developmentRegion = en;
			hasScannedForEncodings = 0;
			knownRegions = (
				en,
				Base,
			);
			mainGroup = CCA1DB1328C48F8F00518BE0;
			productRefGroup = CCA1DB1D28C48F8F00518BE0 /* Products */;
			projectDirPath = "";
			projectRoot = "";
			targets = (
				CCA1DB1B28C48F8F00518BE0 /* PhotoSearchProject */,
			);
		};
/* End PBXProject section */

/* Begin PBXResourcesBuildPhase section */
		CCA1DB1A28C48F8F00518BE0 /* Resources */ = {
			isa = PBXResourcesBuildPhase;
			buildActionMask = 2147483647;
			files = (
				CCA1DB2C28C48F9000518BE0 /* LaunchScreen.storyboard in Resources */,
				CCA1DB2928C48F9000518BE0 /* Assets.xcassets in Resources */,
			);
			runOnlyForDeploymentPostprocessing = 0;
		};
/* End PBXResourcesBuildPhase section */

/* Begin PBXSourcesBuildPhase section */
		CCA1DB1828C48F8F00518BE0 /* Sources */ = {
			isa = PBXSourcesBuildPhase;
			buildActionMask = 2147483647;
			files = (
				CCA1DB8728C5427F00518BE0 /* DetailPhotoCollectionViewController.swift in Sources */,
				CCC791A828C67A3B0016BD38 /* FavoritePhotosViewController.swift in Sources */,
				CCFE1D7828C896BA0010F253 /* FavoriteDetailPhotoModuleAssembly.swift in Sources */,
				CCC791A428C67A3B0016BD38 /* FavoritePhotosPresenter.swift in Sources */,
				CCA1DB6428C4DEC000518BE0 /* WebImageView.swift in Sources */,
				CCA1DB8628C5427F00518BE0 /* DetailPhotoCollectionModels.swift in Sources */,
				CCA1DB2028C48F8F00518BE0 /* AppDelegate.swift in Sources */,
				CCA1DB4A28C49CEB00518BE0 /* MainTabBarController.swift in Sources */,
				CCA1DB4728C49C0000518BE0 /* PhotosCollectionInteractor.swift in Sources */,
				CCA1DB8828C5427F00518BE0 /* DetailPhotoCollectionInteractor.swift in Sources */,
				CCC7919428C613560016BD38 /* Photo.swift in Sources */,
				CCA1DB8328C5427F00518BE0 /* DetailPhotoCollectionPresenter.swift in Sources */,
				CCFE1D7428C885A80010F253 /* DetailPhotoCollectionModuleAssembly.swift in Sources */,
				CCA1DB2228C48F8F00518BE0 /* SceneDelegate.swift in Sources */,
				CCB2EDCE28C698BE00093420 /* FavoriteDetailPhotoPresenter.swift in Sources */,
				CCB2EDD728C6BD5300093420 /* WorkerDateFormatter.swift in Sources */,
				CCA1DB4428C49C0000518BE0 /* PhotosCollectionRouter.swift in Sources */,
				CCC791A928C67A3B0016BD38 /* FavoritePhotosInteractor.swift in Sources */,
				CCC791A728C67A3B0016BD38 /* FavoritePhotosModels.swift in Sources */,
				CCA1DB5C28C4B4D500518BE0 /* NetworkDataFetcher.swift in Sources */,
				CCB2EDD328C698BE00093420 /* FavoriteDetailPhotoInteractor.swift in Sources */,
				CCA1DB8528C5427F00518BE0 /* DetailPhotoCollectionRouter.swift in Sources */,
				CCA1DB6028C4D82E00518BE0 /* PhotosCell.swift in Sources */,
				CCC791A628C67A3B0016BD38 /* FavoritePhotosRouter.swift in Sources */,
				CCA1DB4228C49C0000518BE0 /* PhotosCollectionPresenter.swift in Sources */,
				CCA1DB5128C4AFC800518BE0 /* API.swift in Sources */,
				CCB2EDD128C698BE00093420 /* FavoriteDetailPhotoModels.swift in Sources */,
				CCFE1D7228C87C760010F253 /* PhotosCollectionModuleAssembly.swift in Sources */,
				CCB2EDD028C698BE00093420 /* FavoriteDetailPhotoRouter.swift in Sources */,
				CCA1DB4528C49C0000518BE0 /* PhotosCollectionModels.swift in Sources */,
				CCB2EDC528C6953100093420 /* FavoritePhotoCell.swift in Sources */,
				CCA1DB4F28C4AE3C00518BE0 /* NetworkService.swift in Sources */,
				CCA1DB5E28C4B56000518BE0 /* SearchResults.swift in Sources */,
				CCB2EDD228C698BE00093420 /* FavoriteDetailPhotoViewController.swift in Sources */,
				CCFE1D7628C891B70010F253 /* FavoritePhotosModuleAssembly.swift in Sources */,
				CCA1DB4628C49C0000518BE0 /* PhotosCollectionViewController.swift in Sources */,
			);
			runOnlyForDeploymentPostprocessing = 0;
		};
/* End PBXSourcesBuildPhase section */

/* Begin PBXVariantGroup section */
		CCA1DB2A28C48F9000518BE0 /* LaunchScreen.storyboard */ = {
			isa = PBXVariantGroup;
			children = (
				CCA1DB2B28C48F9000518BE0 /* Base */,
			);
			name = LaunchScreen.storyboard;
			sourceTree = "<group>";
		};
/* End PBXVariantGroup section */

/* Begin XCBuildConfiguration section */
		CCA1DB2E28C48F9000518BE0 /* Debug */ = {
			isa = XCBuildConfiguration;
			buildSettings = {
				ALWAYS_SEARCH_USER_PATHS = NO;
				CLANG_ANALYZER_NONNULL = YES;
				CLANG_ANALYZER_NUMBER_OBJECT_CONVERSION = YES_AGGRESSIVE;
				CLANG_CXX_LANGUAGE_STANDARD = "gnu++17";
				CLANG_CXX_LIBRARY = "libc++";
				CLANG_ENABLE_MODULES = YES;
				CLANG_ENABLE_OBJC_ARC = YES;
				CLANG_ENABLE_OBJC_WEAK = YES;
				CLANG_WARN_BLOCK_CAPTURE_AUTORELEASING = YES;
				CLANG_WARN_BOOL_CONVERSION = YES;
				CLANG_WARN_COMMA = YES;
				CLANG_WARN_CONSTANT_CONVERSION = YES;
				CLANG_WARN_DEPRECATED_OBJC_IMPLEMENTATIONS = YES;
				CLANG_WARN_DIRECT_OBJC_ISA_USAGE = YES_ERROR;
				CLANG_WARN_DOCUMENTATION_COMMENTS = YES;
				CLANG_WARN_EMPTY_BODY = YES;
				CLANG_WARN_ENUM_CONVERSION = YES;
				CLANG_WARN_INFINITE_RECURSION = YES;
				CLANG_WARN_INT_CONVERSION = YES;
				CLANG_WARN_NON_LITERAL_NULL_CONVERSION = YES;
				CLANG_WARN_OBJC_IMPLICIT_RETAIN_SELF = YES;
				CLANG_WARN_OBJC_LITERAL_CONVERSION = YES;
				CLANG_WARN_OBJC_ROOT_CLASS = YES_ERROR;
				CLANG_WARN_QUOTED_INCLUDE_IN_FRAMEWORK_HEADER = YES;
				CLANG_WARN_RANGE_LOOP_ANALYSIS = YES;
				CLANG_WARN_STRICT_PROTOTYPES = YES;
				CLANG_WARN_SUSPICIOUS_MOVE = YES;
				CLANG_WARN_UNGUARDED_AVAILABILITY = YES_AGGRESSIVE;
				CLANG_WARN_UNREACHABLE_CODE = YES;
				CLANG_WARN__DUPLICATE_METHOD_MATCH = YES;
				COPY_PHASE_STRIP = NO;
				DEBUG_INFORMATION_FORMAT = dwarf;
				ENABLE_STRICT_OBJC_MSGSEND = YES;
				ENABLE_TESTABILITY = YES;
				GCC_C_LANGUAGE_STANDARD = gnu11;
				GCC_DYNAMIC_NO_PIC = NO;
				GCC_NO_COMMON_BLOCKS = YES;
				GCC_OPTIMIZATION_LEVEL = 0;
				GCC_PREPROCESSOR_DEFINITIONS = (
					"DEBUG=1",
					"$(inherited)",
				);
				GCC_WARN_64_TO_32_BIT_CONVERSION = YES;
				GCC_WARN_ABOUT_RETURN_TYPE = YES_ERROR;
				GCC_WARN_UNDECLARED_SELECTOR = YES;
				GCC_WARN_UNINITIALIZED_AUTOS = YES_AGGRESSIVE;
				GCC_WARN_UNUSED_FUNCTION = YES;
				GCC_WARN_UNUSED_VARIABLE = YES;
				IPHONEOS_DEPLOYMENT_TARGET = 15.2;
				MTL_ENABLE_DEBUG_INFO = INCLUDE_SOURCE;
				MTL_FAST_MATH = YES;
				ONLY_ACTIVE_ARCH = YES;
				SDKROOT = iphoneos;
				SWIFT_ACTIVE_COMPILATION_CONDITIONS = DEBUG;
				SWIFT_OPTIMIZATION_LEVEL = "-Onone";
			};
			name = Debug;
		};
		CCA1DB2F28C48F9000518BE0 /* Release */ = {
			isa = XCBuildConfiguration;
			buildSettings = {
				ALWAYS_SEARCH_USER_PATHS = NO;
				CLANG_ANALYZER_NONNULL = YES;
				CLANG_ANALYZER_NUMBER_OBJECT_CONVERSION = YES_AGGRESSIVE;
				CLANG_CXX_LANGUAGE_STANDARD = "gnu++17";
				CLANG_CXX_LIBRARY = "libc++";
				CLANG_ENABLE_MODULES = YES;
				CLANG_ENABLE_OBJC_ARC = YES;
				CLANG_ENABLE_OBJC_WEAK = YES;
				CLANG_WARN_BLOCK_CAPTURE_AUTORELEASING = YES;
				CLANG_WARN_BOOL_CONVERSION = YES;
				CLANG_WARN_COMMA = YES;
				CLANG_WARN_CONSTANT_CONVERSION = YES;
				CLANG_WARN_DEPRECATED_OBJC_IMPLEMENTATIONS = YES;
				CLANG_WARN_DIRECT_OBJC_ISA_USAGE = YES_ERROR;
				CLANG_WARN_DOCUMENTATION_COMMENTS = YES;
				CLANG_WARN_EMPTY_BODY = YES;
				CLANG_WARN_ENUM_CONVERSION = YES;
				CLANG_WARN_INFINITE_RECURSION = YES;
				CLANG_WARN_INT_CONVERSION = YES;
				CLANG_WARN_NON_LITERAL_NULL_CONVERSION = YES;
				CLANG_WARN_OBJC_IMPLICIT_RETAIN_SELF = YES;
				CLANG_WARN_OBJC_LITERAL_CONVERSION = YES;
				CLANG_WARN_OBJC_ROOT_CLASS = YES_ERROR;
				CLANG_WARN_QUOTED_INCLUDE_IN_FRAMEWORK_HEADER = YES;
				CLANG_WARN_RANGE_LOOP_ANALYSIS = YES;
				CLANG_WARN_STRICT_PROTOTYPES = YES;
				CLANG_WARN_SUSPICIOUS_MOVE = YES;
				CLANG_WARN_UNGUARDED_AVAILABILITY = YES_AGGRESSIVE;
				CLANG_WARN_UNREACHABLE_CODE = YES;
				CLANG_WARN__DUPLICATE_METHOD_MATCH = YES;
				COPY_PHASE_STRIP = NO;
				DEBUG_INFORMATION_FORMAT = "dwarf-with-dsym";
				ENABLE_NS_ASSERTIONS = NO;
				ENABLE_STRICT_OBJC_MSGSEND = YES;
				GCC_C_LANGUAGE_STANDARD = gnu11;
				GCC_NO_COMMON_BLOCKS = YES;
				GCC_WARN_64_TO_32_BIT_CONVERSION = YES;
				GCC_WARN_ABOUT_RETURN_TYPE = YES_ERROR;
				GCC_WARN_UNDECLARED_SELECTOR = YES;
				GCC_WARN_UNINITIALIZED_AUTOS = YES_AGGRESSIVE;
				GCC_WARN_UNUSED_FUNCTION = YES;
				GCC_WARN_UNUSED_VARIABLE = YES;
				IPHONEOS_DEPLOYMENT_TARGET = 15.2;
				MTL_ENABLE_DEBUG_INFO = NO;
				MTL_FAST_MATH = YES;
				SDKROOT = iphoneos;
				SWIFT_COMPILATION_MODE = wholemodule;
				SWIFT_OPTIMIZATION_LEVEL = "-O";
				VALIDATE_PRODUCT = YES;
			};
			name = Release;
		};
		CCA1DB3128C48F9000518BE0 /* Debug */ = {
			isa = XCBuildConfiguration;
			buildSettings = {
				ASSETCATALOG_COMPILER_APPICON_NAME = AppIcon;
				ASSETCATALOG_COMPILER_GLOBAL_ACCENT_COLOR_NAME = AccentColor;
				CODE_SIGN_STYLE = Automatic;
				CURRENT_PROJECT_VERSION = 1;
				DEVELOPMENT_TEAM = KZZQP8Y649;
				GENERATE_INFOPLIST_FILE = YES;
				INFOPLIST_FILE = PhotoSearchProject/Resources/Info.plist;
				INFOPLIST_KEY_UIApplicationSupportsIndirectInputEvents = YES;
				INFOPLIST_KEY_UILaunchStoryboardName = LaunchScreen;
				INFOPLIST_KEY_UISupportedInterfaceOrientations_iPad = "UIInterfaceOrientationPortrait UIInterfaceOrientationPortraitUpsideDown UIInterfaceOrientationLandscapeLeft UIInterfaceOrientationLandscapeRight";
				INFOPLIST_KEY_UISupportedInterfaceOrientations_iPhone = "UIInterfaceOrientationPortrait UIInterfaceOrientationLandscapeLeft UIInterfaceOrientationLandscapeRight";
				LD_RUNPATH_SEARCH_PATHS = (
					"$(inherited)",
					"@executable_path/Frameworks",
				);
				MARKETING_VERSION = 1.0;
				PRODUCT_BUNDLE_IDENTIFIER = denis.PhotoSearchProject;
				PRODUCT_NAME = "$(TARGET_NAME)";
				SWIFT_EMIT_LOC_STRINGS = YES;
				SWIFT_VERSION = 5.0;
				TARGETED_DEVICE_FAMILY = "1,2";
			};
			name = Debug;
		};
		CCA1DB3228C48F9000518BE0 /* Release */ = {
			isa = XCBuildConfiguration;
			buildSettings = {
				ASSETCATALOG_COMPILER_APPICON_NAME = AppIcon;
				ASSETCATALOG_COMPILER_GLOBAL_ACCENT_COLOR_NAME = AccentColor;
				CODE_SIGN_STYLE = Automatic;
				CURRENT_PROJECT_VERSION = 1;
				DEVELOPMENT_TEAM = KZZQP8Y649;
				GENERATE_INFOPLIST_FILE = YES;
				INFOPLIST_FILE = PhotoSearchProject/Resources/Info.plist;
				INFOPLIST_KEY_UIApplicationSupportsIndirectInputEvents = YES;
				INFOPLIST_KEY_UILaunchStoryboardName = LaunchScreen;
				INFOPLIST_KEY_UISupportedInterfaceOrientations_iPad = "UIInterfaceOrientationPortrait UIInterfaceOrientationPortraitUpsideDown UIInterfaceOrientationLandscapeLeft UIInterfaceOrientationLandscapeRight";
				INFOPLIST_KEY_UISupportedInterfaceOrientations_iPhone = "UIInterfaceOrientationPortrait UIInterfaceOrientationLandscapeLeft UIInterfaceOrientationLandscapeRight";
				LD_RUNPATH_SEARCH_PATHS = (
					"$(inherited)",
					"@executable_path/Frameworks",
				);
				MARKETING_VERSION = 1.0;
				PRODUCT_BUNDLE_IDENTIFIER = denis.PhotoSearchProject;
				PRODUCT_NAME = "$(TARGET_NAME)";
				SWIFT_EMIT_LOC_STRINGS = YES;
				SWIFT_VERSION = 5.0;
				TARGETED_DEVICE_FAMILY = "1,2";
			};
			name = Release;
		};
/* End XCBuildConfiguration section */

/* Begin XCConfigurationList section */
		CCA1DB1728C48F8F00518BE0 /* Build configuration list for PBXProject "PhotoSearchProject" */ = {
			isa = XCConfigurationList;
			buildConfigurations = (
				CCA1DB2E28C48F9000518BE0 /* Debug */,
				CCA1DB2F28C48F9000518BE0 /* Release */,
			);
			defaultConfigurationIsVisible = 0;
			defaultConfigurationName = Release;
		};
		CCA1DB3028C48F9000518BE0 /* Build configuration list for PBXNativeTarget "PhotoSearchProject" */ = {
			isa = XCConfigurationList;
			buildConfigurations = (
				CCA1DB3128C48F9000518BE0 /* Debug */,
				CCA1DB3228C48F9000518BE0 /* Release */,
			);
			defaultConfigurationIsVisible = 0;
			defaultConfigurationName = Release;
		};
/* End XCConfigurationList section */
	};
	rootObject = CCA1DB1428C48F8F00518BE0 /* Project object */;
}
